
Microsoft Visual Studio Solution File, Format Version 12.00
Project("{FAE04EC0-301F-11D3-BF4B-00C04F79EFBC}") = "TicketsApp", "TicketsApp\TicketsApp.csproj", "{5642F52E-7C71-4E0A-9BFC-87F5DEA60A4F}"
EndProject
Global
	GlobalSection(SolutionConfigurationPlatforms) = preSolution
		Debug|Any CPU = Debug|Any CPU
		Release|Any CPU = Release|Any CPU
	EndGlobalSection
	GlobalSection(ProjectConfigurationPlatforms) = postSolution
		{5642F52E-7C71-4E0A-9BFC-87F5DEA60A4F}.Debug|Any CPU.ActiveCfg = Debug|Any CPU
		{5642F52E-7C71-4E0A-9BFC-87F5DEA60A4F}.Debug|Any CPU.Build.0 = Debug|Any CPU
		{5642F52E-7C71-4E0A-9BFC-87F5DEA60A4F}.Release|Any CPU.ActiveCfg = Release|Any CPU
		{5642F52E-7C71-4E0A-9BFC-87F5DEA60A4F}.Release|Any CPU.Build.0 = Release|Any CPU
	EndGlobalSection
EndGlobal
